version: v2
locks:
  f/alerts/send_pending_system_alerts: cbdcc2e4c018d62130c6090e0d2ec846a5d70b9bdbbb634fd34b929dd0464df4
  f/billing_audit/build_task_billing_periods: 7ee3a8f7598a6897829d467c8e4af684a4c3296fd4fe5fbbbc492f4fc2cc9bc6
  f/billing_audit/compute_chemical_estimates: 60c854d8abfdebaa6263e2d5370b35bb7d9d3d4180d3671eb7b784908333a91f
  f/billing_audit/load_month: da2460b38f633c93b6327a0e41e2fad0baca7d9b2e3084087d8074fcc1101c5b
  f/billing_audit/reconcile_billing_periods: e8814720d5822f6636c94cbc9bb56e986213df2da482aa220b1fccda6ec4ca1d
  f/billing/_lib/db: c83a0cbc7b4dbbb41ba7e96f7d2d95fd5a41404538e0b908daf0471d5271e1ca
  f/billing/_lib/qbo: b3cbfd519fbd6de08c5b60e28470211c541620880574a7293b284cafc0af3d5b
  f/billing/_smoke_lib_import: dc11bd477d34a587036417bb686e8018da26f3683c01559d5bc9158e19b963bf
  f/billing/analyze_maint_bill: fb51e58e33a3967befb735c83b6d06e5dff6a812137679780ca7cb42c4cda7a8
  f/billing/apply_maint_adjustments: 7620f5ac086f8bb8b0a686c8f9223cbead724c19a1e5ab65813c8fd458d9935d
  f/billing/apply_maint_credits: e220b37336c6a10fe069c599f8b172c1c98749c522b58be342583d2cc5126db7
  f/billing/backfill_missing_invoices: 9332dda99e9ce725c343698b1674bb8f5c4f1ff6c5ea7ce8b6f27bd96e9a4b07
  f/billing/drain_maint_preprocess_queue: f3a8dcec74f8267a76f9290467f210223265c8c143cfe14d3a43feab6849d1b9
  f/billing/monthly_autopay__flow+__flow_hash: 800e81f22fff13ce2aa59a54ed1f3e7c1f758c6c1f547558c45c64258d5610ad
  f/billing/monthly_autopay__flow+build_autopay_list_from_maintenance_invoices.py: cb71725ebf0d45affbedd02560827ed20ef033d3026abc76175373427c20be87
  f/billing/monthly_autopay__flow+charge_customer_(cardach_fallback_+_full_invoice_sweep).py: 3b593ffa3a7d7e55c2ad87862ee581785ccc7c93a0dcf016a41952d65815c65c
  f/billing/monthly_autopay__flow+finalize_&_sync_invoice_balances.py: 502d3c79d393a14541d3a8d9858409a89d7b03b88f83c7db2d99729cb3f87164
  f/billing/monthly_autopay__flow+init_token_refresh_+_billing_run.py: 7d2d62cebb8843cd6379e86e524d66b6a690f3c25bdef95b3a5cabb35f440bfb
  f/billing/monthly_autopay__flow+verify_charge_+_send_emails_+_decline_notifications.py: 7713be7e9a7801795f9db8ccb97682e5fd73b9dcca0b1b348ae50b0eb647fa10
  f/billing/preprocess_maint_customer_month: a8d6153f4bc207a4996e139026c7d19f48d360f260445afb5a4367796bdff21a
  f/billing/process_maint_period: 9a83bddb9b33b97b6aee6dd894193342179ed2770aad2d6c891c8d921a545dc5
  f/billing/send_decline_email: c781a4f80f601d34ae3aaa484b3644769f2eae875e339f6ba737966d85d24a42
  f/billing/send_monthly_invoices: 9d483dce0f6c532db1d214af862e16be4f4c4f7c11e8b4257d4b79ce35a42c38
  f/billing/stamp_invoice_memos: a4d6026432bfacf74a7170379d1b21b074016703b976ed5c67a3423434a6d61c
  f/billing/switch_to_weekly_campaign: 804afb736bb61d6956ffaaa9500f412b381e76bf9dea433471e2f44517760983
  f/billing/sync_invoice_balances: dbdc3347eefc15a8be0adf8212c89904e6978be78d75f5a9a21ad8cda8209ddb
  f/check_buddy/check_bank_feed_cleared: 4868b8bc2950e0f4714949f50adb5c9932359b4b5b86466a2f8a88bfbb61af2c
  f/check_buddy/check_reconciliation_status: 32c966452d4a0416650dbce7e40edc4dff01547f61b20bef2c647745daa6fc78
  f/check_buddy/create_qbo_deposit: 4f738e19988ccd038d341a42d6d886a968b1699402e1d53f8ec80f25a37167d6
  f/check_buddy/create_qbo_payment: d30fefbf43dad3e9783bb01b13eb0523862d35bb947d79b95b7eef7aaea01418
  f/check_buddy/daily_payment_sync: abf96749aabe90a1d7271dc42807346cd7fc98b61588974957dcc6be47eae233
  f/check_buddy/delete_qbo_payment: f5490d27d07b33c2572134dbbcac8efd81a9a31fe8857981f5d807613a81f368
  f/check_buddy/get_customer_open_invoices: 6a100d276e5f54fc732108e2f36d4f1d5a8f5c43f9e393787dcacb5d8d8dbdb5
  f/check_buddy/invoice_match: 3044093faf46aa5c0f0beb9fc97bcd27db2c9b4fbb5116edf508e64507c547d6
  f/check_buddy/read_qbo_deposit: ab7fe67e2cd54df3cc7bd2c4ba899c3e96062f24f2089e66d89222c04624059f
  f/check_buddy/read_qbo_payment: a8e0e3c02e7a2fa887feba63a9e92f9594dd355d4f6462abe045153efbfed378
  f/check_buddy/remove_late_fees: 3953b269ba0a577cd179969e49dba8e936fb0463d4a2424d85e73fe9c57e3ae3
  f/check_buddy/search_qbo_payments: a05809aa41615431c3a8c207a827a1bdf72eb1cac56625728942e5cc536ce47e
  f/comms/quote_followup_cadence: 2ed89588fad157a3107397c7e5f0458955e854b0492f1b1cad390d8d0c6dfa31
  f/comms/send_email: ad478af1594bf1cef32dc03e0b48fc80944b29b96526ca06aac58492ce6084b8
  f/comms/send_sms: 407fb4087179014ef143f7062f2bb40448ec83f513e8e24c4343745c97badf1a
  f/email_extraction/download_email_pdfs: 2d62b2e961e1cb1aaa98666afde79c35c2ce9cd6b79035b95a3d12a6c1a3ba9e
  f/email_extraction/extract_invoices: 4a9efcdf1aea35a55ea636788bafb15ae429d8855ccb70f7358a3776ca75867b
  f/google_maps/geocode_customers: 61cf6c931b46bbfca08d2561ad7a7414387f24c9d0e9a067925388031823a795
  f/google_maps/geocode_service_locations: d096d93564a11ef919e83cd3e273fab8be05d53f24995901af0cf5b4b23c1353
  f/google_maps/normalize_canonical_addresses: f08d019a05f16cea9aa9ae0b55943c67ced358a967a99bb966dc95858c2ff91f
  f/google_maps/normalize_customer_addresses: 62646c8d9a50fb708109a87ca04e0e9631e7ce10fb48c08cfa59c5533d9349e0
  f/gusto/sync_offices: 2efe9501e0dab6a7bbbfb713025a25086d75d3cb224cdc69ad2cfe957c7a64cd
  f/ION/_discover/_diag_unresolved: c66a9b529b7e38142fdad9cba6133a1e210148b1fffbc44c7b6346955779f347
  f/ION/_discover/_probe_nonservice: 79388d78c98dff472f6d83bc64d0b948b09a715c80e8e83eb4361ece7ed4038f
  f/ION/_discover/_probe_wr: f527b79e7350002a46b8fcf9024fc312506e41fbe6c1b403eeb4f096c21b710d
  f/ION/_discover/_probe_wr_events: 5f8fef69fc5ac824888cb436646c4500e7f70a43b1d231a9017e5245f2ea8c19
  f/ION/_discover/_probe_wr2: 4cc444be5e47c203bd7f0d701405b2e1edbf8ba9705bfbb1ee10ada63613a965
  f/ION/_discover/_run_backfill: 553dc9c4aa18bc018d30ebc418605ff6ecbe620a68665a07d89364762cac66a8
  f/ION/_discover/_run_may_reingest: 31194f9722763abbab201a9fa3435442f4d54b1e04b4f2607698ce5aa475a324
  f/ION/_discover/_run_wr_commit: ce608e0a35732c09a54ee13bad95a323ba7be3124e2840e2a5955d05ba42a678
  f/ION/_discover/_run_wr_eventid_correct: a37b8bd60d36746e9e3c0b9416fdef637c8b2824c95776bdb3b81a1de51aabff
  f/ION/_discover/arch_probe: 45e3c38fa37034f1b1b54aee17b73353713559fed4cb3d2311905fe9ecbfa280
  f/ION/_discover/backfill_visits: 9ecc1d8e6d0a7ad40ce6ce0b724a3a3bf9c00eff99135288d5cc3f9e95a5ed19
  f/ION/_discover/chromium_fetch_probe: cb81fd88b6bfeb2bc8f44e928894b141754900ddb7458145a8d7914f2f5a6dbd
  f/ION/_discover/chromium_smoke: 974acf1e186069f86871e57205018f863d10c55e5bfab06cda8da2309b62469f
  f/ION/_discover/chromium_smoke2: 7e16937e0da75a13ab8c76d9d2ef9a4e077501128b0a493ef8679c594560c74e
  f/ION/_discover/chromium120_render: 9c428e0d3c49bfd52d74ee9ceb0ca183378b93e81339414be673291847ccb4a8
  f/ION/_discover/diagnose_unresolved: 970bb7726625741c55c612dec8cd516913db45a0eb0cc8c030580914a3b3b920
  f/ION/_discover/disk_probe: 0ed7839420b177fd78601fdb1e52cb2847b787cc67a9a14cb165da522f0d6096
  f/ION/_discover/emit_session: 598e9b72e6298c53292e45e5df3aa50fed07f303ee7db9a0f8293827320b4c1c
  f/ION/_discover/exec_paths_probe: e75ab8423693904848f1e0a3bc3dc960618642a6716368b1daec90c1306a974a
  f/ION/_discover/find_baked_chromium: 7fcec8d9e2bae23ac29f33886c4ef4a20d7c80d76c6992891d5664a7a9b055ca
  f/ION/_discover/load_recurring_tasks_raw: 5c6897253be9aa1ae0e2d8606dbc79e8ddb913eadab33ca358ed592b2d1fb640
  f/ION/_discover/parse_normalize_test: 52be141b5c839995f9fae48c6491d17bc5fafd8256ee6726daf5360a61738c63
  f/ION/_discover/probe_completed_logs: 92a319e6c6f252f7cfae36eb5a67eb20e51888717e86529f53416a9936452a25
  f/ION/_discover/probe_customer_files: 6da0da194703e9da87df72535c0e1d078e00a54737e9084cfd4330168009567f
  f/ION/_discover/probe_customerlogdetails: 1470e43f09e2f714a19f58ba26ed461d7079a5344a00fa123030d1926ed994db
  f/ION/_discover/probe_customerlogs: a29500499390cb4607f61429f632a96e8a7852c03c1b208e5fe8ee90b8aa5294
  f/ION/_discover/probe_daygrid_photos: 5022be6defaf815537400bf87c21b1b1016d3cd143cf7a0fb9638dce2913baa2
  f/ION/_discover/probe_file_mgmt: 48fbbaf3b121182193227cf2e7e1b0a6fdeece9dfb595313428ca6d5c005d18e
  f/ION/_discover/probe_log_images_e2e: a4acddf0c3654e650f23524882bfa0ad5dbb1aabda42b0b86a47757fe319133b
  f/ION/_discover/probe_log_photos: 6ae77dae2c564685b9697e62a944156713581acb6f8031a5d0d451a0052d2beb
  f/ION/_discover/probe_recurring_tasks: 5b88ad0bcc8ead436d0e05eb5116ca7dcbfbc89c4ba20f032d2601dd0d8f6839
  f/ION/_discover/pw_install_probe: 51ad0677b8cb01bf5abb904faecb2167ca303c930ca7636d027e8d0fe839c6b8
  f/ION/_discover/pw_launch_probe: 4e058da7eab256f16e062e92a61d00b7695dc9b1b623f230e5c3b9b10cd49197
  f/ION/_discover/pw_selfcontained: 30d3575905f0e195f1bc76a43c73a54b5ec4f97be1ccf3e1d6c94a71177f267c
  f/ION/_discover/pw_system_launch: 8a9bb3359348f9672550fbd9ffa19de010edcade14cdcc3629061ec999be16f1
  f/ION/_discover/qbo_fix_service_addresses: 114dd20d031a3dce70e77d01d38fb52b355564218c159c6093aded9683f79b28
  f/ION/_discover/qbo_fix_service_addresses_commit: 363e0aee44734d78081ec2fef0f01a5fc6b03fdf17a95b7e9baa7edad7782331
  f/ION/_discover/resolve_service_profiles: 44db26cbe8997df5e180c808b368455be576c2d960df3811b219a968302de690
  f/ION/_discover/session_http_test: f37bcda05963ec6b3b07bb4151e76d1a277f2575001b1895e401259cadd23781
  f/ION/_discover/timing_breakdown: dda83936276c376542510be429ad423311c4bdda8fa3f75ea95b1a56c08d4bcc
  f/ION/_lib/apply_event_links: 0ebe2f1b399a44e7b6e06e20d4298f610c076177e781f8f73a45b4f4b9a672b2
  f/ION/_lib/apply_simple_null_complex: b9620f0f3d39b38e5404b8480f8a28c53d8e7292f08d84143a26c5254817d946
  f/ION/_lib/capture_targets: 2e7ac12ed0a9da730f2ddba9d83853ab5675417a03be4bc6f123a596a67839c2
  f/ION/_lib/correct_ambiguous_visits: 5888cb698ed9d9483552aae10d2b45e6223d98b0741d893298658fc1e251831f
  f/ION/_lib/link_visits_by_event: ac3f150b8519519757a2d2dcc02697e2c59c692fb48c70493c31ce3798d81644
  f/ION/_lib/merge_dup_customers: 8a2c49caa387d6a714eccc3ef46838d5d067c6e114090c7d60ce0f78160ab8b0
  f/ION/_lib/normalize: 61d8aa2b039d31b3930d1e14d8b1f95ce2d20ec85ef8780090898e727791ce6e
  f/ION/_lib/parser: 7edcdc89aa58fb5403da1599df85b8c4b0daaa4b2b40028d729ca1e9dcef1bd4
  f/ION/_lib/relink_visits: f78f44452699e69a0be9f2c26729b355e96dc36dc93bf39b8994e791a968e09e
  f/ION/_lib/resolve_visit_targets: c6b1baf8f644f765e8bbd3f447fb7cd21ce908851a4c0a342bf946c567553e65
  f/ION/_lib/schedule_target_custids: 75348fb36a03b552defb359bfa880df1cccb08faff7a5a81d76c66c36dd0ecc3
  f/ION/_lib/session: fc9ac667b331b63e1dbaed4665d26b3ed61e22511624b265edb52492ff3d9931
  f/ION/_lib/split_collapsed_tasks: f7a5e1c98142747dd02493264751c5d92ae4467bc79c6b06ef72790027503258
  f/ION/_lib/taskless_visits: 084e068ae4af550d7207ca44e7f843608db92bbff1f5cd1f1fc57a666b225dfd
  f/ION/_lib/upsert: ccba53a89b19bee932d265bc0217aa3b5546eda0d89008c1e51910c54b57b3bf
  f/ION/_lib/upsert_nonactive_tasks: f337de1940e2c349d8cd70e83b0938570d259f5e5081ca8f8253b8e2e8dac24f
  f/ION/_lib/upsert_schedules: 9b30afb1238001583ee55466e8dd8b61515c8e56a7ef3626fca54820ca1d4d85
  f/ION/_lib/upsert_tasks: 842d85236c8c439548c2ee329dbbd3e29177f7610789dda79902fec0d43a0ce1
  f/ION/_run/adhoc: 8255237899bc9bb05fdc27ec515ecf37517aa055c93655daae5df5fc1149a72b
  f/ION/_run/backfill_outage_gap: 63dbda3376e87530368344d3f847a3e52892ccf018bee426aaf03d4cd4b0620b
  f/ION/_run/backfill_visits_year: 4f4ab26bc4689abb9acf8c9c608ef6ac4fa431ee9a10fd93af702a928fb55cc6
  f/ION/_run/fill_gap_visits: 5172d82f15e0053c1af269bb7d3bff8142cb623a34b65d119fe836024d7d643c
  f/ION/_run/ingest_may: d5de87280dc913c5d6dff1f7e5043e1204220bc0941c97d9e33193bdc6721580
  f/ION/_run/ingest_may_v2: 3d72521159364a6a80ea6bb0ddcc8c1170c325a2ec48992b91318459a3e882fc
  f/ION/_run/ingest_may_v3: ed4558fe8e0d72f9879f33d5153aec6d1cfec104821030eb40c5b34b1970d05c
  f/ION/_run/ingest_may_v4: e3a916bfab7c1be47ca8eaf76ea494c111b24e8c2432b627e82b3977bd3d3d2a
  f/ION/_run/ingest_may_v5: c81761bcd702d37fb2a48a76c7ad1aac20ece43c2ed5cc14f80814d2350f518d
  f/ION/_run/probe_task_price_fields: ef474a8cda261daa6f862f81d82a50f8540470501c33bd875233dd1c4fea912a
  f/ION/_run/recover_grid_tech: d233858e35e82074af18a2584f60d69d04f0d5fb8e9ed5a644ef0b4d758ae969
  f/ION/_run/who_are_orphan_customers: 03e9da33f22b9e952d2a3c89d9617ffc330dfec6e429765cacb92d71f3a75b74
  f/ION/api/get_customer_tasks: 5f42381db02071b3753b534c2dac5464ba14be26de453219205dc374762e0fc1
  f/ION/api/get_log_detail: 685fa727d2dcfd465edca0bc968f33083151588b20ca3ed31a02cb5a39e60de1
  f/ION/api/get_recurring_tasks: 5c802795062293a2b8f1fcb9c683b43e0efb99e51c49da6e2eb2aafe967e7b16
  f/ION/api/get_task_detail: bbf6590f4e38669d1150fcfcaea51801f838916dd391970075cb7718b6367cd7
  f/ION/api/list_customer_tasks: f4764652cd85cd749500341890932ebcc6916085c96912e66e06c3a724382ab5
  f/ION/api/list_day_logs: 15831d2848565c7e72d5f76ed6a13c0e82040548f6929e9e3ecf9a6adc18c4f2
  f/ION/api/list_recurring_tasks: f126db187bfa092b795d74b9bfa2bc5517ad67af77b5d83771751ea225dbee72
  f/ION/api/resolve_ambiguous_eventids: 0c6876af3523635e4b6e03eeea58af48b1faed9ee320887e6091ec74f49d6a04
  f/ION/api/resolve_customer_tasks: fcc2f4298010299a2afc55e5d18a6bc3625beab080b6111e9480a8014d3e0afd
  f/ION/api/resolve_visit_tasks_via_log: 98586e3c58a1b2de9dcd8a9ac32675db3954713390064933509e98110098a62e
  f/ION/api/update_task: 0c83086f03f80b08770c47c6f1f8851125492b821c38f6cd77fe1bff57dd8140
  f/ION/api/upsert_task_schedule: 0a6ebf2e974baf171b2ccfe70bd569ff1c8859017a4f3a368c962967e4d5e106
  f/ION/capture_nonactive_tasks__flow+__flow_hash: 44136fa355b3678a1146ad16f7e8649e94fb4fc21fe77e8310c060f61caaff8a
  f/ION/close_dropped_tasks: 027b1e618a08f33d68a3d0d2f000a2d7196a71c69077f2854251d87a18a0d689
  f/ION/consumables_usage__flow+__flow_hash: af33b575072a92ed3e03cde78283baf78fdfb4caed9fa21ba96b993410eb6da1
  f/ION/consumables_usage__flow+extract_data_rows.py: b0578703daf0f04cffddc609167b0021a0ed52ef5a5a15de5a9c3238fdf62c86
  f/ION/consumables_usage__flow+upload_to_supabase_table.py: 4daa4ae47610fd2c38a1ec3a706e41023da3aedb9172f61914cac0dc495e2ddd
  f/ION/consumables_usage/d: 4b58ad8aca95575edbad1deb5d35f81941273f9a7c5ed85e65f74cb8ba630993
  f/ION/daily_visit_ingest: 7c95af7a50afeb97d741ad6d1e655fb28e7e614d48cfde749adf88d6edf4cd0c
  f/ION/discover_customer_fields: b82d93c561143fe3fe3f165c16ec8b3e27483c34d7b17f264ee6e1afcc0e8235
  f/ION/discover_customer_report: 460bb9737ca864c183d626a8a9b8f29a61cbc96551601cea4b017dd9df94dbd9
  f/ION/explore_daily_loglist: 8881909a4420310b89932f14cddc8d757e41c02c43d1871fa8613ceceae11fc9
  f/ION/explore_qb_data_link: 7375cb2587d020924e9ed539b6d50a97854acfd31f2219ff5114a41b1654f93a
  f/ION/explore_task_list: 2f7d66044e79dd9c3affe7855d3c0d76e8178ee3da63ccac3d8001cdbf31b308
  f/ION/ingest_day_logs: bccee16a3015a10536d99ded324912f8db399d15fde63d96a674a922e6e99132
  f/ION/ingest_log_photos: 21ebd85d37433cf8927e8ff440da7072a46a5a697291c7ccdf6fe7dc1e896972
  f/ION/link_visits_via_log__flow+__flow_hash: 44136fa355b3678a1146ad16f7e8649e94fb4fc21fe77e8310c060f61caaff8a
  f/ION/normalize_visits: ab3eed532bab8209ca09d10161136f3426bba8406fa236e5fb6a0fef97a1bf1b
  f/ION/reconcile_ion_cust_id: 436478ecb9b900bf73d9ce2ad6fccb07cf745ac5a64fa229449df93679252e16
  f/ION/reconcile_ion_cust_id_test: b572a0a197bd3adf1a3b818c950fc3d0366f9020cfeae461f677626aba67b126
  f/ION/reconcile_service_addresses: 80c1a21c1f659febf63fdb7b614826ec86f902aa95c8f8385bce16a2ccf1d3ab
  f/ION/recover_orphan_tasks: f7f99b375278e659c17fa4732d9d1f420639b39272a83f1212659031bb734346
  f/ION/recover_orphan_tasks_dryrun: d8164051e34d4e7f72e466a497c34aa59e705e5b84192047c40347ac0c85f36c
  f/ION/recurring_tasks__flow+__flow_hash: 44136fa355b3678a1146ad16f7e8649e94fb4fc21fe77e8310c060f61caaff8a
  f/ION/refresh_closed_task_config: 55d8ae0582cf7ed2c97653584cda24c8fc484f00feda0b1cee098d237d27467f
  f/ION/refresh_stale_work_orders__flow+__flow_hash: 57c3b5cd63ad0c104e469d8f350b5b5b3cb80da6bc6c98ac5f106c1e5dd868c3
  f/ION/refresh_stale_work_orders__flow+apply_updates.py: bf1c62afc94fe5517fc89dcfdf7c300f032ea5e587db4f75d08319fb6c2e4932
  f/ION/refresh_stale_work_orders__flow+fetch_status.ts: cfa1b4a57745b5a75b1edbbb4faaad412bcdd200645fd058cf5412a404f60feb
  f/ION/refresh_stale_work_orders__flow+select_stale.py: 865c9af0a9da9083bf0aac073f9ca1c27a13db1c037c54c63031d3cebdec0862
  f/ION/relink_visits__flow+__flow_hash: 44136fa355b3678a1146ad16f7e8649e94fb4fc21fe77e8310c060f61caaff8a
  f/ION/resolve_visit_tasks__flow+__flow_hash: 44136fa355b3678a1146ad16f7e8649e94fb4fc21fe77e8310c060f61caaff8a
  f/ION/schedule_slots__flow+__flow_hash: 44136fa355b3678a1146ad16f7e8649e94fb4fc21fe77e8310c060f61caaff8a
  f/ION/session_keepalive: 1cd189e7bef9aac0ab3d0798d5bb6b4a2b58fbf499ca36bd3a7afdb212eeed0a
  f/ION/test_orphan_task_detail: 94eeeafb67711f464ebcbb01c15aaba115fba72be666522b80439485a1ce9c86
  f/ION/transactions_report: 6ea4d11a62a1f49c6ddad1e8ea9498fc842b10166323befc6487c485d79d633d
  f/ION/visits__flow+__flow_hash: 44136fa355b3678a1146ad16f7e8649e94fb4fc21fe77e8310c060f61caaff8a
  f/ION/work_orders__flow+__flow_hash: 119fd94cce18295eb677a82fb2fb84b7a7e7a287c81d1d3eac03301acab495a2
  f/ION/work_orders__flow+extract_and_upload.py: b0b8820b1923686bcaf29b051ed197b3a24c0c43d18666cce6322d112b5dd352
  f/ION/work_orders__flow+get_scheduled_wo.ts: 39f6e95e0125235defebba9575cbe5e45ad8ace410a0d9500a823d1b4e05edc9
  f/leads/create_qbo_customer: 4602b38a2474425e83fed8db8944a1c031c3d5f14b8c89c61845c06bd96e2c5d
  f/qbo/get_access_token: cfd2d27416f421b8e18d425315759a63f49d74db3cb44e88dba9808a1f28e76c
  f/qbo/qbo_customer_sync: 4b44891ed35960bdf326cb62ebfb0ef7cedac7d1c009650dd1bb27bf2acee297
  f/qbo/sync_customer_to_qbo: b6eb1813d5dfefa1c278f26337c381d01fb3037db2f5913ab23a02311c2df757
  f/service_billing/apply_credit_manual: 3124cbeefb83e24292b204411c761272ef53d9c0cde0f227e5b99ce0a549ab07
  f/service_billing/cdc_reconciler: d924b2f39f0e53032f5e06b9de953ad7fa2a99f7c18155ced927dbfc8703992c
  f/service_billing/classify_work_orders: babd697817d83af187f5e87807e0df6963d5c0856bb806420331ffb201260e5c
  f/service_billing/classify_work_orders_ai: af38d60853805e2b341a8af30a46143624dfc12a564a27757c70aa30873d5ddf
  f/service_billing/dispatch_pre_processing: 769fba6e9d93e31032698d0242557aa621b00fb4690c7973e27c56218c534034
  f/service_billing/distinguished_script: 3f645fb5a3c79ca962148839a4948b1bc14c1e1bdacbb679940db9777c773ed2
  f/service_billing/initial_full_credit_pull: a99005d22c77997cb9e9c3a77d53807c1cf7f5b94ab77cfd58981b411e000e58
  f/service_billing/pre_process_invoice: beed772c0e03301d456a6bcea2101f348455b23739f5bef8317c08f3ce01571c
  f/service_billing/process_invoice: be87d4c4e0905b861b24190416ba7361007dec9bdafb68244cd12f21116f19bb
  f/service_billing/process_work_order: ce88c7a0bb1671427004dc2f1ed9d1dd0d26936cc15288514ba45b462bfc0e6c
  f/service_billing/pull_customer_payment_methods: cb77718dddf7c41a75e7b1913509a521b826835af13218b96b86bb317b7f826f
  f/service_billing/pull_qbo_credits: 57e4c31a0bf8fcf632568cd2f91028eb46841629cedb253ae5930db2c8976d0e
  f/service_billing/pull_qbo_invoices: 2047c44313100a5d39bf556155d1234b1a38a1c2872df53a940f529271af38c6
  f/service_billing/push_invoice_edits: 4e115c245aab46229a38a761c2e6153e82f61e9b72038b5e387744a834108137
  f/service_billing/qbo_customer_write: 3350c6791c879183f56e9af8bb76ec32dd27da4a758668e1fee001cb3ca33f4e
  f/service_billing/reconcile_payments: ec0ebcf4a0036bc6d05d4e11aee6dbdad1da745af43ccc82bf4e23f8bec64c09
  f/service_billing/refresh_credit_memo: 5f124f19d1b9925a93890e71fc559568d13e8bc3642d1d4be86c2ba50d87f537
  f/service_billing/refresh_customer: 18b01d2f0d7da100ad09ebd95c4e0adb82b43c10938ec536bd21cf8f08d32578
  f/service_billing/refresh_customer_credits: ac2e893df57c049647035518192d07730ff49dde84a37855fed7708b14825a0d
  f/service_billing/refresh_invoice: 7309d008371f38139d8337eb499e058955323d05b8849aaa19e2cacfc7e6559c
  f/service_billing/refresh_open_invoices: c14df0b81cffef58ff5f3c12cbc267a4b6a4dad4f562c02fc5ef0da6e14e020f
  f/service_billing/refresh_payment: 1cf1f2fe79b836b561b966a718cfee0abae5941e7cb84996b454284d51783c6b
  f/service_billing/service_billing_processing: 5251fe84dbee94fca7c80ee0f73738868312787d0f3f7889c97585dbf9505cdd
  f/service_billing/set_customer_company: c0aa252077f620e4342918c8607b3392d1331416ffe252ef19a62b0ba85415a9
  f/webhooks/get_employees: 0e4f08098ada8689a47af51c34d5461d78ec3d98af2e5e7a294b91795b71057b
  f/workers_comp/aggregate_wc_payroll: a117c97425950115c6a1ac876d73613b7e414e7287059e183904a2e205631114
  u/carter/audit_autopay_payments: e976f2464e68861a1abb1ec966760a01262f3e88c21a2651346709846f3a8726
  u/carter/backfill_acceptance_links: 2266579fe48d8d31b6b775f8fa3e015a00345158ac4a04d6dc58597a993ee3f4
  u/carter/backfill_company_names: 660daa704e7f521e22ccfb01c7edb7af8d97d05dca8d991dc06b610bd962d158
  u/carter/backfill_estimate_pdfs: 744b1ad80217b056112747159d0c3d17c63c38875b5c3092454d00882be9967f
  u/carter/backfill_estimate_pdfs_all_statuses: 6cd5ea8d61b39fe26ed2d483bbb66f7f03d422827d80064c59ad483d63e54ed6
  u/carter/create_adjustment_zoho: d99885b7f53928ca4d5ed5a1564081fce386dc4db9104b8055a5b75ddda687c0
  u/carter/effective_script: 1512d90e7a295d81b998de34c79bbc86a94f63850610014df9f2418095a18e63
  u/carter/estimate_email_processing__flow+__flow_hash: e72519df9ca09b2f9c3ea019a90a9db2b68c5e679c50bdc420b97c2fb6ad6f40
  u/carter/estimate_email_processing__flow+classify_email.py: 2f8213db5fcbf44afde946b666b5bc79643cbdc0a8ce35daf64858ac1a084910
  u/carter/estimate_email_processing__flow+ensure_work_order_exists.py: 2ef460d22196fea55943c48fa511c48dc54162fe19db5c0801f191e59e5824c5
  u/carter/estimate_email_processing__flow+format_details_and_upload_to_table_2.py: 27a6fd03336fdfb8937a4c8303d051cb07458b103e24f6c1664e9e95c945320b
  u/carter/estimate_email_processing__flow+format_details_and_upload_to_table.py: e69e05d169ef125e5e11897548318caa799d1191f68dbace910d173622395919
  u/carter/estimate_email_processing__flow+get_email_details_1.py: 8d4ddda109bb3d7da3db63864bdca8187954e8229baa8d87869006a95afd4877
  u/carter/estimate_email_processing__flow+get_email_details.py: 3c2c6415e2dc96b5f39d65219796a0054f3ecb946239c8284ead29821c2523c1
  u/carter/estimate_email_processing__flow+get_estimate_details.py: 9786e898c83809cf45f0d1ff1addcb45d03254b8a8c43dd453ad3643ba04e08d
  u/carter/estimate_email_processing__flow+get_wo_number.py: ebad40a0835c42bbff9995cfee723b2dd90a1d0b3f88a30e3b2309a84a696214
  u/carter/estimate_email_processing__flow+i.py: d1f4283cd1f1e61cf1a454b51eb6623e055ffbf92607b62274dd267d1dcecc2a
  u/carter/estimate_email_processing__flow+mark_as_accepted_or_declined.py: 1df73bded812cbdd4a4176a06e44c2f8370a7ed71846ba65de085638ccec018f
  u/carter/estimate_email_processing__flow+upload_estimate_pdf.py: cff6f3b3a38063cc9fefacbb1769e5c7cf69deb54526161685d932436d3b956c
  u/carter/estimate_email_processing__flow+upsert_estimate.py: e2e4f3a584f0b5afdcf949fbcf90ec4f20f63819483eba44e9350b9ddeb95149
  u/carter/get_adjustments: 622c9e826e17a0abd30c95eabfdfa7dbad31784b9d8393b3467e4e34c10d6b72
  u/carter/get_est_emails: 1c0d4d4e469f0ba0b0da31df5ba5dcd955867e8f546e461086b6bc811ff5a2f2
  u/carter/get_item_zoho_stock: 21f3101ee5d56d86cee27fe8c796059de47a42417c82442af199e457398a358a
  u/carter/get_sales: ef1701572d57db31ed4e16dd74ea9b0e194f699db023840b0a824c7def36bbc1
  u/carter/get_transfers: bff88f4a8955f7044d5d86e9112d54fe046b3c7ccdb2516378b7a6b881e2919b
  u/carter/get_vendor_credits: bb3858bd504cbabc9b054ed305401f0d91c586f887f17c135a78b6c8a4c2d42b
  u/carter/ion_task_recon: 21e47147d7406fd6df1d502905d0ac87e7bf2a6239a5dd34e92e1541c2b18f27
  u/carter/ion_task_recon_2: 65c96a6ff6256ae0d54f140ce29d5b91a3b09adfda39f83d1727520ad69c71af
  u/carter/ion_task_recon_3: 11b0eb3d05f52685a7459357837fe9e424737760dbf86ae8488d5d72cc7db021
  u/carter/monthly_autopay_processing__flow+__flow_hash: fd5cf67131242c12901ad1532915eedaf4181d7345686c8ac684377445f95f5b
  u/carter/monthly_autopay_processing__flow+apply_unapplied_maint_credits.py: 0528e671632c30c5e21e2e36b383a757f3e3f444a18ef082043d6eaeee4aaba9
  u/carter/monthly_autopay_processing__flow+fetch_autopay_customers.py: 3a6c59a59a57be90f2adc7611bc2a3dae535da133610b25112ecd055b7f63aa1
  u/carter/monthly_autopay_processing__flow+generate_summary_report.py: 0a0fe721e3b9c63e8928d3c81b71e4e01cd24e7b69c23192fa0802c04de86f77
  u/carter/monthly_autopay_processing__flow+process_single_customer.py: 0b189efb3a1b1d14d115d12e9c94d46c6594b4923735964b120d50861c70c718
  u/carter/monumental_script: f13fbaa3b18c5cfac5021f3fe23f3b772ec5c532290b04bdaae4e08df1edb9db
  u/carter/purchase_receive_creation__flow+__flow_hash: 3e82fcf3c30fe87b92c4fbb885193d5b260bb74f010a30461127ead63c2614a7
  u/carter/purchase_receive_creation__flow+create_bill.py: 6a34cd749eaf9c1dd909f3787480429f62f2bf24a5da3b254cdd4d597b823ac9
  u/carter/purchase_receive_creation__flow+create_invoice.py: 75810507da5341e493de88d91f1a80d93a8cc3bd45789e5d563cb869d02c44f3
  u/carter/rc_call_analysis: 81c3a639be0b6eb88d120af3e66bf7ca5be87c142d988dad4025d73a67767db0
  u/carter/rc_deep_lookup: 1461c75d518baf43d206c23d5faa033be6dc8acb56ea67d03fdc2d2b1f5c969b
  u/carter/rc_lookup_number: ca097fc1c75b323a3bc50eac22e34756215e19bcb3cec56510ea3577cb1c2301
  u/carter/receive_sms: e4c3320f8eb11ecbb48eb74dab753d745492c491b7f5e96b502fee048103764a
  u/carter/rightful_script: 551efc3ff25bab1e71c3f3792b2863cf93c34025fdd3830d6578a70d38a4d8d2
  u/carter/send_follow_up_estimate_email: db1326e047862d6cec3669cebe3e29d7748bfceffb19cb770a4cd889da5150e6
  u/carter/send_unsent_invoices_oneoff: 15385c623a76e250251f19759525ad3ae6b11a3a72a9b3f43aea5c49d63d19f5
  u/carter/stylish_script: 7a2e684ea28e23d694bb99bf02179642bec2d9f7765f3577003ce01b23c5896e
  u/carter/switch_to_weekly_page: 3faba40cfe828ab2665548363450a4399155262657098174f4f1cf3b4ec8b5b2
  u/carter/take_location_inventory_snapshot: 9d9c10a4dbf0f70541a7822978f42df1dc253160a0afc2738fe6cd15e4db6c93
  u/carter/tmp_lookup_242: ec0ebfbd8e92883f1f1a3a42897726a47ee4ccd5c3917240588daf1adc50f48d
  u/carter/tmp_lookup_4436860297: 9adf71fac5392b1fb8c3df7f0047ac53ca89c159f3004774563a59026d25123d
  u/carter/tmp_lookup_4436860297_jun: 74e3f1705096492bc785e551bbab143a08f81adfef377201679b1ada62322386
  u/carter/tmp_lookup_9122426059: 6bdb7da1135d37ca9023e3e80863a24ba1774967b079158309d302a9dbffef96
  u/carter/transcribe_call: 5b56f9ac47f49e7b63600de9b05538e84f8665ea673ddfdbcd1f44a98783a904
  u/carter/unapplied_credits: 8b1ef8eaaabc344c613be632de2390c3840af193e6974d8d4700431fd2d1a8e1
  u/ruben/preeminent_app__raw_app+__app_hash: 7b9dd2b65c132ba479b117efd323879b5629b34916b68d79f8ffced7d1ddda3d
  u/ruben/preeminent_app__raw_app+a.ts: f839daa712f42e68e477afe873967e157417a60409fef38eb5ba3236d6196c3a
