version: v2
locks:
  f/billing_audit/compute_chemical_estimates: 60c854d8abfdebaa6263e2d5370b35bb7d9d3d4180d3671eb7b784908333a91f
  f/billing_audit/load_month: da2460b38f633c93b6327a0e41e2fad0baca7d9b2e3084087d8074fcc1101c5b
  f/billing/apply_maint_credits: e220b37336c6a10fe069c599f8b172c1c98749c522b58be342583d2cc5126db7
  f/billing/monthly_autopay__flow+__flow_hash: de23071f465e33e509bc0ebf0138b9788c6ab9230572beb0c533f5da4bd91df4
  f/billing/monthly_autopay__flow+apply_unapplied_maint_credits.py: 24262cf1fbc2efb9398ee2c8ebf43a53f07f7e99b7bf789c43fd3329ab231f44
  f/billing/monthly_autopay__flow+build_autopay_list_from_maintenance_invoices.py: 96f7ea68a1db75011bb83146eeb631c2e6da04baa2f2961cf24a7c65ecf1135f
  f/billing/monthly_autopay__flow+charge_customer_(cardach_fallback_+_full_invoice_sweep).py: 3b593ffa3a7d7e55c2ad87862ee581785ccc7c93a0dcf016a41952d65815c65c
  f/billing/monthly_autopay__flow+finalize_&_sync_invoice_balances.py: 502d3c79d393a14541d3a8d9858409a89d7b03b88f83c7db2d99729cb3f87164
  f/billing/monthly_autopay__flow+init_token_refresh_+_billing_run.py: 7d2d62cebb8843cd6379e86e524d66b6a690f3c25bdef95b3a5cabb35f440bfb
  f/billing/monthly_autopay__flow+verify_charge_+_send_emails_+_decline_notifications.py: 7713be7e9a7801795f9db8ccb97682e5fd73b9dcca0b1b348ae50b0eb647fa10
  f/billing/send_decline_email: c781a4f80f601d34ae3aaa484b3644769f2eae875e339f6ba737966d85d24a42
  f/billing/send_monthly_invoices: 9d483dce0f6c532db1d214af862e16be4f4c4f7c11e8b4257d4b79ce35a42c38
  f/billing/stamp_invoice_memos: a4d6026432bfacf74a7170379d1b21b074016703b976ed5c67a3423434a6d61c
  f/billing/switch_to_weekly_campaign: 804afb736bb61d6956ffaaa9500f412b381e76bf9dea433471e2f44517760983
  f/billing/sync_invoice_balances: dbdc3347eefc15a8be0adf8212c89904e6978be78d75f5a9a21ad8cda8209ddb
  f/check_buddy/check_bank_feed_cleared: 4868b8bc2950e0f4714949f50adb5c9932359b4b5b86466a2f8a88bfbb61af2c
  f/check_buddy/check_reconciliation_status: 32c966452d4a0416650dbce7e40edc4dff01547f61b20bef2c647745daa6fc78
  f/check_buddy/create_qbo_deposit: 4f738e19988ccd038d341a42d6d886a968b1699402e1d53f8ec80f25a37167d6
  f/check_buddy/create_qbo_payment: d30fefbf43dad3e9783bb01b13eb0523862d35bb947d79b95b7eef7aaea01418
  f/check_buddy/daily_payment_sync: abf96749aabe90a1d7271dc42807346cd7fc98b61588974957dcc6be47eae233
  f/check_buddy/delete_qbo_payment: f5490d27d07b33c2572134dbbcac8efd81a9a31fe8857981f5d807613a81f368
  f/check_buddy/get_customer_open_invoices: 6a100d276e5f54fc732108e2f36d4f1d5a8f5c43f9e393787dcacb5d8d8dbdb5
  f/check_buddy/invoice_match: 3044093faf46aa5c0f0beb9fc97bcd27db2c9b4fbb5116edf508e64507c547d6
  f/check_buddy/read_qbo_deposit: ab7fe67e2cd54df3cc7bd2c4ba899c3e96062f24f2089e66d89222c04624059f
  f/check_buddy/read_qbo_payment: a8e0e3c02e7a2fa887feba63a9e92f9594dd355d4f6462abe045153efbfed378
  f/check_buddy/remove_late_fees: 3953b269ba0a577cd179969e49dba8e936fb0463d4a2424d85e73fe9c57e3ae3
  f/check_buddy/search_qbo_payments: a05809aa41615431c3a8c207a827a1bdf72eb1cac56625728942e5cc536ce47e
  f/comms/quote_followup_cadence: 2ed89588fad157a3107397c7e5f0458955e854b0492f1b1cad390d8d0c6dfa31
  f/comms/send_email: ad478af1594bf1cef32dc03e0b48fc80944b29b96526ca06aac58492ce6084b8
  f/comms/send_sms: 407fb4087179014ef143f7062f2bb40448ec83f513e8e24c4343745c97badf1a
  f/email_extraction/download_email_pdfs: 2d62b2e961e1cb1aaa98666afde79c35c2ce9cd6b79035b95a3d12a6c1a3ba9e
  f/email_extraction/extract_invoices: 4a9efcdf1aea35a55ea636788bafb15ae429d8855ccb70f7358a3776ca75867b
  f/google_maps/geocode_customers: 61cf6c931b46bbfca08d2561ad7a7414387f24c9d0e9a067925388031823a795
  f/google_maps/normalize_customer_addresses: 62646c8d9a50fb708109a87ca04e0e9631e7ce10fb48c08cfa59c5533d9349e0
  f/ION/_discover/diagnose_unresolved: 970bb7726625741c55c612dec8cd516913db45a0eb0cc8c030580914a3b3b920
  f/ION/_discover/emit_session: 598e9b72e6298c53292e45e5df3aa50fed07f303ee7db9a0f8293827320b4c1c
  f/ION/_discover/parse_normalize_test: 59cb8da7c9ba546ccb4a54c51c18ef6ca6e1fe408229f37f69b6854ccb671159
  f/ION/_discover/probe_completed_logs: 92a319e6c6f252f7cfae36eb5a67eb20e51888717e86529f53416a9936452a25
  f/ION/_discover/timing_breakdown: dda83936276c376542510be429ad423311c4bdda8fa3f75ea95b1a56c08d4bcc
  f/ION/_lib/normalize: c78c670701211ad1b7df19ca85d94aad4fe5f970ee4e6f9630ac1215c60d93b9
  f/ION/_lib/parser: 7edcdc89aa58fb5403da1599df85b8c4b0daaa4b2b40028d729ca1e9dcef1bd4
  f/ION/_lib/session: c2db4050a7798e510588f948cadd75696b148dac8925f0b40a83b02c72f601fc
  f/ION/_lib/upsert: ec583fedfca416c57c26dbbe4004360b89291d8885ea57858cd7eb804f16618b
  f/ION/consumables_usage__flow+__flow_hash: af33b575072a92ed3e03cde78283baf78fdfb4caed9fa21ba96b993410eb6da1
  f/ION/consumables_usage__flow+extract_data_rows.py: b0578703daf0f04cffddc609167b0021a0ed52ef5a5a15de5a9c3238fdf62c86
  f/ION/consumables_usage__flow+upload_to_supabase_table.py: 4daa4ae47610fd2c38a1ec3a706e41023da3aedb9172f61914cac0dc495e2ddd
  f/ION/consumables_usage/d: 4b58ad8aca95575edbad1deb5d35f81941273f9a7c5ed85e65f74cb8ba630993
  f/ION/work_orders__flow+__flow_hash: a94b92cc4414bd16f5ac7e40d879eb3f0b9c3f01090f0522ee5f1fc1a4d1971e
  f/ION/work_orders__flow+extract_and_upload.py: 6f8fa93f3dadee88d833737ee57546afcc70ba0379de799fb10d338f4237e4fb
  f/ION/work_orders__flow+get_scheduled_wo.ts: 4c93fd6b9ace9bef19e3d3ed717d37dda8aa3ce9c49e98f7ddbcf22112322b65
  f/leads/create_qbo_customer: 8294aaafdca33893c6d5afbbbbf92752d89c46eefdae69d0ae0a0c1722e02c63
  f/qbo/qbo_customer_sync: 4b44891ed35960bdf326cb62ebfb0ef7cedac7d1c009650dd1bb27bf2acee297
  f/qbo/sync_customer_to_qbo: b6eb1813d5dfefa1c278f26337c381d01fb3037db2f5913ab23a02311c2df757
  f/service_billing/apply_credit_manual: 3124cbeefb83e24292b204411c761272ef53d9c0cde0f227e5b99ce0a549ab07
  f/service_billing/cdc_reconciler: bea32107ea599e96fb0fa8b65dce89479afff1782aee21046d95fade6b579bd3
  f/service_billing/classify_work_orders: 85df3b0297d729ce53c21c5dc1afe25d29b95abdd80b6f32e952b9c8b187b5b8
  f/service_billing/classify_work_orders_ai: af38d60853805e2b341a8af30a46143624dfc12a564a27757c70aa30873d5ddf
  f/service_billing/distinguished_script: 3f645fb5a3c79ca962148839a4948b1bc14c1e1bdacbb679940db9777c773ed2
  f/service_billing/initial_full_credit_pull: a99005d22c77997cb9e9c3a77d53807c1cf7f5b94ab77cfd58981b411e000e58
  f/service_billing/pre_process_invoice: e34fbb487ac807988f67f373198701386421b6435ad3c6ffee3579f35c5090fb
  f/service_billing/process_invoice: 220e84dcf14389ca0b77d48971efa87f1a8e0746127690b7bab269157fb7a589
  f/service_billing/process_work_order: ce88c7a0bb1671427004dc2f1ed9d1dd0d26936cc15288514ba45b462bfc0e6c
  f/service_billing/pull_customer_payment_methods: 378e9609bc4eb3cb70fe79abe62f46dd27242d54fcb06cb28f51011e9eb81607
  f/service_billing/pull_qbo_credits: 461d5ae6b02a59bd8d9f059130660249480ce3ea659e2dac61200e5467d01024
  f/service_billing/pull_qbo_invoices: 2047c44313100a5d39bf556155d1234b1a38a1c2872df53a940f529271af38c6
  f/service_billing/push_invoice_edits: 74ad0839fb82561b1bf47da50575ef338e0880bec241874f76e6e6018b7da248
  f/service_billing/reconcile_payments: ec0ebcf4a0036bc6d05d4e11aee6dbdad1da745af43ccc82bf4e23f8bec64c09
  f/service_billing/refresh_credit_memo: 5f124f19d1b9925a93890e71fc559568d13e8bc3642d1d4be86c2ba50d87f537
  f/service_billing/refresh_customer: ab5e0144bdd4973e82fb0d613b81746d319cc65db88aeec0aba60478158deaa5
  f/service_billing/refresh_customer_credits: 4dcffe29aba0ab5dcd05f0da7695e9edc8fe795a71c3f4200492363df4ffd001
  f/service_billing/refresh_invoice: e1392ace5f456dbcb0aabb346b2da604d593d41980e2b19995d96eee5ad720dc
  f/service_billing/refresh_open_invoices: c14df0b81cffef58ff5f3c12cbc267a4b6a4dad4f562c02fc5ef0da6e14e020f
  f/service_billing/refresh_payment: 758d8ed2ac9002bceec949271ec0030c645cd38368886ec1316fa93f324c8267
  f/service_billing/service_billing_processing: 5251fe84dbee94fca7c80ee0f73738868312787d0f3f7889c97585dbf9505cdd
  f/webhooks/get_employees: 3299ee5516e924279a95a6643f0caa3be4734b580f5bca5eaa4c267c1f82f222
  u/carter/audit_autopay_payments: e976f2464e68861a1abb1ec966760a01262f3e88c21a2651346709846f3a8726
  u/carter/backfill_acceptance_links: 2266579fe48d8d31b6b775f8fa3e015a00345158ac4a04d6dc58597a993ee3f4
  u/carter/backfill_estimate_pdfs: 744b1ad80217b056112747159d0c3d17c63c38875b5c3092454d00882be9967f
  u/carter/backfill_estimate_pdfs_all_statuses: 6cd5ea8d61b39fe26ed2d483bbb66f7f03d422827d80064c59ad483d63e54ed6
  u/carter/create_adjustment_zoho: d99885b7f53928ca4d5ed5a1564081fce386dc4db9104b8055a5b75ddda687c0
  u/carter/effective_script: 1512d90e7a295d81b998de34c79bbc86a94f63850610014df9f2418095a18e63
  u/carter/estimate_email_processing__flow+__flow_hash: e72519df9ca09b2f9c3ea019a90a9db2b68c5e679c50bdc420b97c2fb6ad6f40
  u/carter/estimate_email_processing__flow+classify_email.py: 2f8213db5fcbf44afde946b666b5bc79643cbdc0a8ce35daf64858ac1a084910
  u/carter/estimate_email_processing__flow+ensure_work_order_exists.py: 2ef460d22196fea55943c48fa511c48dc54162fe19db5c0801f191e59e5824c5
  u/carter/estimate_email_processing__flow+format_details_and_upload_to_table_2.py: 27a6fd03336fdfb8937a4c8303d051cb07458b103e24f6c1664e9e95c945320b
  u/carter/estimate_email_processing__flow+format_details_and_upload_to_table.py: e69e05d169ef125e5e11897548318caa799d1191f68dbace910d173622395919
  u/carter/estimate_email_processing__flow+get_email_details_1.py: 8d4ddda109bb3d7da3db63864bdca8187954e8229baa8d87869006a95afd4877
  u/carter/estimate_email_processing__flow+get_email_details.py: 3c2c6415e2dc96b5f39d65219796a0054f3ecb946239c8284ead29821c2523c1
  u/carter/estimate_email_processing__flow+get_estimate_details.py: 9786e898c83809cf45f0d1ff1addcb45d03254b8a8c43dd453ad3643ba04e08d
  u/carter/estimate_email_processing__flow+get_wo_number.py: ebad40a0835c42bbff9995cfee723b2dd90a1d0b3f88a30e3b2309a84a696214
  u/carter/estimate_email_processing__flow+i.py: d1f4283cd1f1e61cf1a454b51eb6623e055ffbf92607b62274dd267d1dcecc2a
  u/carter/estimate_email_processing__flow+mark_as_accepted_or_declined.py: 1df73bded812cbdd4a4176a06e44c2f8370a7ed71846ba65de085638ccec018f
  u/carter/estimate_email_processing__flow+upload_estimate_pdf.py: cff6f3b3a38063cc9fefacbb1769e5c7cf69deb54526161685d932436d3b956c
  u/carter/estimate_email_processing__flow+upsert_estimate.py: e2e4f3a584f0b5afdcf949fbcf90ec4f20f63819483eba44e9350b9ddeb95149
  u/carter/get_adjustments: 622c9e826e17a0abd30c95eabfdfa7dbad31784b9d8393b3467e4e34c10d6b72
  u/carter/get_est_emails: 1c0d4d4e469f0ba0b0da31df5ba5dcd955867e8f546e461086b6bc811ff5a2f2
  u/carter/get_item_zoho_stock: 21f3101ee5d56d86cee27fe8c796059de47a42417c82442af199e457398a358a
  u/carter/get_sales: ef1701572d57db31ed4e16dd74ea9b0e194f699db023840b0a824c7def36bbc1
  u/carter/get_transfers: bff88f4a8955f7044d5d86e9112d54fe046b3c7ccdb2516378b7a6b881e2919b
  u/carter/get_vendor_credits: bb3858bd504cbabc9b054ed305401f0d91c586f887f17c135a78b6c8a4c2d42b
  u/carter/ion_task_recon: 21e47147d7406fd6df1d502905d0ac87e7bf2a6239a5dd34e92e1541c2b18f27
  u/carter/ion_task_recon_2: 65c96a6ff6256ae0d54f140ce29d5b91a3b09adfda39f83d1727520ad69c71af
  u/carter/ion_task_recon_3: 11b0eb3d05f52685a7459357837fe9e424737760dbf86ae8488d5d72cc7db021
  u/carter/monthly_autopay_processing__flow+__flow_hash: fd5cf67131242c12901ad1532915eedaf4181d7345686c8ac684377445f95f5b
  u/carter/monthly_autopay_processing__flow+apply_unapplied_maint_credits.py: 0528e671632c30c5e21e2e36b383a757f3e3f444a18ef082043d6eaeee4aaba9
  u/carter/monthly_autopay_processing__flow+fetch_autopay_customers.py: 3a6c59a59a57be90f2adc7611bc2a3dae535da133610b25112ecd055b7f63aa1
  u/carter/monthly_autopay_processing__flow+generate_summary_report.py: 0a0fe721e3b9c63e8928d3c81b71e4e01cd24e7b69c23192fa0802c04de86f77
  u/carter/monthly_autopay_processing__flow+process_single_customer.py: 0b189efb3a1b1d14d115d12e9c94d46c6594b4923735964b120d50861c70c718
  u/carter/monumental_script: f13fbaa3b18c5cfac5021f3fe23f3b772ec5c532290b04bdaae4e08df1edb9db
  u/carter/purchase_receive_creation__flow+__flow_hash: 3e82fcf3c30fe87b92c4fbb885193d5b260bb74f010a30461127ead63c2614a7
  u/carter/purchase_receive_creation__flow+create_bill.py: 6a34cd749eaf9c1dd909f3787480429f62f2bf24a5da3b254cdd4d597b823ac9
  u/carter/purchase_receive_creation__flow+create_invoice.py: 75810507da5341e493de88d91f1a80d93a8cc3bd45789e5d563cb869d02c44f3
  u/carter/rc_call_analysis: 81c3a639be0b6eb88d120af3e66bf7ca5be87c142d988dad4025d73a67767db0
  u/carter/rc_deep_lookup: 726da414c0d1eaac7f5c7b1336c2100693e5c63a3a371f4cf9fc1c6f3a0a9797
  u/carter/rc_lookup_number: cea4cce8a37187a0cd4b009bf69c5fa99918697a05686c29f8a3e8c61ae9bbef
  u/carter/receive_sms: e4c3320f8eb11ecbb48eb74dab753d745492c491b7f5e96b502fee048103764a
  u/carter/rightful_script: 551efc3ff25bab1e71c3f3792b2863cf93c34025fdd3830d6578a70d38a4d8d2
  u/carter/send_follow_up_estimate_email: db1326e047862d6cec3669cebe3e29d7748bfceffb19cb770a4cd889da5150e6
  u/carter/send_unsent_invoices_oneoff: 15385c623a76e250251f19759525ad3ae6b11a3a72a9b3f43aea5c49d63d19f5
  u/carter/stylish_script: 7a2e684ea28e23d694bb99bf02179642bec2d9f7765f3577003ce01b23c5896e
  u/carter/switch_to_weekly_page: 3faba40cfe828ab2665548363450a4399155262657098174f4f1cf3b4ec8b5b2
  u/carter/take_location_inventory_snapshot: 9d9c10a4dbf0f70541a7822978f42df1dc253160a0afc2738fe6cd15e4db6c93
  u/carter/tmp_lookup_242: ec0ebfbd8e92883f1f1a3a42897726a47ee4ccd5c3917240588daf1adc50f48d
  u/carter/tmp_lookup_9122426059: 6bdb7da1135d37ca9023e3e80863a24ba1774967b079158309d302a9dbffef96
  u/carter/transcribe_call: 5b56f9ac47f49e7b63600de9b05538e84f8665ea673ddfdbcd1f44a98783a904
  u/carter/unapplied_credits: 8b1ef8eaaabc344c613be632de2390c3840af193e6974d8d4700431fd2d1a8e1
