{
  "dependencies": {
    "windmill-client": "latest"
  }
}
//bun.lock
{
  "lockfileVersion": 1,
  "configVersion": 1,
  "workspaces": {
    "": {
      "dependencies": {
        "windmill-client": "latest",
      },
    },
  },
  "packages": {
    "windmill-client": ["windmill-client@1.751.0", "", {}, "sha512-TEz6IS/pkVB48TJTwWRRJwQ5+wovByXq/77QXXS9dWuMtt7w9lzc3NtsqkDGQ2zcwNF1t3lXMIU/WzmawrEmwA=="],
  }
}
